
Microsoft Visual Studio Solution File, Format Version 12.00
# Visual Studio 2012
Project("{FAE04EC0-301F-11D3-BF4B-00C04F79EFBC}") = "demo-aspnet-mvc", "demo-aspnet-mvc\demo-aspnet-mvc.csproj", "{6DFD69A9-A127-438B-BB78-E92912EE5CEA}"
EndProject
Global
	GlobalSection(SolutionConfigurationPlatforms) = preSolution
		Debug|Any CPU = Debug|Any CPU
		Release|Any CPU = Release|Any CPU
	EndGlobalSection
	GlobalSection(ProjectConfigurationPlatforms) = postSolution
		{6DFD69A9-A127-438B-BB78-E92912EE5CEA}.Debug|Any CPU.ActiveCfg = Debug|Any CPU
		{6DFD69A9-A127-438B-BB78-E92912EE5CEA}.Debug|Any CPU.Build.0 = Debug|Any CPU
		{6DFD69A9-A127-438B-BB78-E92912EE5CEA}.Release|Any CPU.ActiveCfg = Release|Any CPU
		{6DFD69A9-A127-438B-BB78-E92912EE5CEA}.Release|Any CPU.Build.0 = Release|Any CPU
	EndGlobalSection
EndGlobal
